
Microsoft Visual Studio Solution File, Format Version 12.00
# Visual Studio Version 16
VisualStudioVersion = 16.0.29318.209
MinimumVisualStudioVersion = 10.0.40219.1
Project("{9A19103F-16F7-4668-BE54-9A1E7A4F7556}") = "HotelBooking.API", "HotelBooking.API\HotelBooking.API.csproj", "{4B668C20-ECD3-4745-B58E-B76CF4311A9E}"
EndProject
Project("{9A19103F-16F7-4668-BE54-9A1E7A4F7556}") = "HotelBooking.Data.Repository", "Data\HotelBooking.Data.Repository\HotelBooking.Data.Repository.csproj", "{420A8A0A-9748-4099-8690-C777F91F9B90}"
EndProject
Project("{9A19103F-16F7-4668-BE54-9A1E7A4F7556}") = "HotelBooking.EmailService", "Infrastructure\HotelBooking.EmailService\HotelBooking.EmailService.csproj", "{627B9F9A-8212-4C8F-999D-C408ECFADD39}"
EndProject
Project("{9A19103F-16F7-4668-BE54-9A1E7A4F7556}") = "HotelBooking.Domain", "Core\HotelBooking.Domain\HotelBooking.Domain.csproj", "{09F36456-F83F-4B93-B51D-E595B7E0606E}"
EndProject
Project("{9A19103F-16F7-4668-BE54-9A1E7A4F7556}") = "HotelBooking.LoggerService", "Infrastructure\HotelBooking.LoggerService\HotelBooking.LoggerService.csproj", "{B7D42B5D-4EDD-45D0-8200-1D6AF2312576}"
EndProject
Project("{FAE04EC0-301F-11D3-BF4B-00C04F79EFBC}") = "HotelBooking.Service", "HotelBooking.Service\HotelBooking.Service.csproj", "{F7173350-F232-41A2-90E9-CB38996FDFFD}"
EndProject
Global
	GlobalSection(SolutionConfigurationPlatforms) = preSolution
		Debug|Any CPU = Debug|Any CPU
		Release|Any CPU = Release|Any CPU
	EndGlobalSection
	GlobalSection(ProjectConfigurationPlatforms) = postSolution
		{4B668C20-ECD3-4745-B58E-B76CF4311A9E}.Debug|Any CPU.ActiveCfg = Debug|Any CPU
		{4B668C20-ECD3-4745-B58E-B76CF4311A9E}.Debug|Any CPU.Build.0 = Debug|Any CPU
		{4B668C20-ECD3-4745-B58E-B76CF4311A9E}.Release|Any CPU.ActiveCfg = Release|Any CPU
		{4B668C20-ECD3-4745-B58E-B76CF4311A9E}.Release|Any CPU.Build.0 = Release|Any CPU
		{420A8A0A-9748-4099-8690-C777F91F9B90}.Debug|Any CPU.ActiveCfg = Debug|Any CPU
		{420A8A0A-9748-4099-8690-C777F91F9B90}.Debug|Any CPU.Build.0 = Debug|Any CPU
		{420A8A0A-9748-4099-8690-C777F91F9B90}.Release|Any CPU.ActiveCfg = Release|Any CPU
		{420A8A0A-9748-4099-8690-C777F91F9B90}.Release|Any CPU.Build.0 = Release|Any CPU
		{627B9F9A-8212-4C8F-999D-C408ECFADD39}.Debug|Any CPU.ActiveCfg = Debug|Any CPU
		{627B9F9A-8212-4C8F-999D-C408ECFADD39}.Debug|Any CPU.Build.0 = Debug|Any CPU
		{627B9F9A-8212-4C8F-999D-C408ECFADD39}.Release|Any CPU.ActiveCfg = Release|Any CPU
		{627B9F9A-8212-4C8F-999D-C408ECFADD39}.Release|Any CPU.Build.0 = Release|Any CPU
		{09F36456-F83F-4B93-B51D-E595B7E0606E}.Debug|Any CPU.ActiveCfg = Debug|Any CPU
		{09F36456-F83F-4B93-B51D-E595B7E0606E}.Debug|Any CPU.Build.0 = Debug|Any CPU
		{09F36456-F83F-4B93-B51D-E595B7E0606E}.Release|Any CPU.ActiveCfg = Release|Any CPU
		{09F36456-F83F-4B93-B51D-E595B7E0606E}.Release|Any CPU.Build.0 = Release|Any CPU
		{B7D42B5D-4EDD-45D0-8200-1D6AF2312576}.Debug|Any CPU.ActiveCfg = Debug|Any CPU
		{B7D42B5D-4EDD-45D0-8200-1D6AF2312576}.Debug|Any CPU.Build.0 = Debug|Any CPU
		{B7D42B5D-4EDD-45D0-8200-1D6AF2312576}.Release|Any CPU.ActiveCfg = Release|Any CPU
		{B7D42B5D-4EDD-45D0-8200-1D6AF2312576}.Release|Any CPU.Build.0 = Release|Any CPU
		{F7173350-F232-41A2-90E9-CB38996FDFFD}.Debug|Any CPU.ActiveCfg = Debug|Any CPU
		{F7173350-F232-41A2-90E9-CB38996FDFFD}.Debug|Any CPU.Build.0 = Debug|Any CPU
		{F7173350-F232-41A2-90E9-CB38996FDFFD}.Release|Any CPU.ActiveCfg = Release|Any CPU
		{F7173350-F232-41A2-90E9-CB38996FDFFD}.Release|Any CPU.Build.0 = Release|Any CPU
	EndGlobalSection
	GlobalSection(SolutionProperties) = preSolution
		HideSolutionNode = FALSE
	EndGlobalSection
	GlobalSection(ExtensibilityGlobals) = postSolution
		SolutionGuid = {7E2E5905-0DED-4CBE-804E-1A7A08496593}
	EndGlobalSection
EndGlobal
